
Microsoft Visual Studio Solution File, Format Version 12.00
# Visual Studio Version 17
VisualStudioVersion = 17.3.32901.215
MinimumVisualStudioVersion = 10.0.40219.1
Project("{FAE04EC0-301F-11D3-BF4B-00C04F79EFBC}") = "MDrivenTurnkeyComponents", "MDrivenTurnkeyComponents\MDrivenTurnkeyComponents.csproj", "{ECA328EB-1A62-4297-8E59-71D0E1099E62}"
EndProject
Global
	GlobalSection(SolutionConfigurationPlatforms) = preSolution
		Debug|Any CPU = Debug|Any CPU
		Release|Any CPU = Release|Any CPU
	EndGlobalSection
	GlobalSection(ProjectConfigurationPlatforms) = postSolution
		{ECA328EB-1A62-4297-8E59-71D0E1099E62}.Debug|Any CPU.ActiveCfg = Debug|Any CPU
		{ECA328EB-1A62-4297-8E59-71D0E1099E62}.Debug|Any CPU.Build.0 = Debug|Any CPU
		{ECA328EB-1A62-4297-8E59-71D0E1099E62}.Release|Any CPU.ActiveCfg = Release|Any CPU
		{ECA328EB-1A62-4297-8E59-71D0E1099E62}.Release|Any CPU.Build.0 = Release|Any CPU
	EndGlobalSection
	GlobalSection(SolutionProperties) = preSolution
		HideSolutionNode = FALSE
	EndGlobalSection
	GlobalSection(ExtensibilityGlobals) = postSolution
		SolutionGuid = {3A061B29-B6E6-4FDF-9755-C93C0188B4E4}
	EndGlobalSection
EndGlobal
